// !$*UTF8*$!
{
	archiveVersion = 1;
	classes = {
	};
	objectVersion = 50;
	objects = {

/* Begin PBXBuildFile section */
		08061408EA9C3B2723BDE532 /* Pods_Crypto_TrackerTests.framework in Frameworks */ = {isa = PBXBuildFile; fileRef = 1740AAF52029F5BAA0BB6CAB /* Pods_Crypto_TrackerTests.framework */; };
		3B3D1CBB0F1A1EDEC03DD9DB /* Pods_Crypto_TrackerUITests.framework in Frameworks */ = {isa = PBXBuildFile; fileRef = DBFEDE542E9B08BD177369DF /* Pods_Crypto_TrackerUITests.framework */; };
		951E3FCCF134BFCF231B3F80 /* Pods_Crypto_Tracker.framework in Frameworks */ = {isa = PBXBuildFile; fileRef = B72DB09ED05B319AE8118321 /* Pods_Crypto_Tracker.framework */; };
		CAE11F6F2146CDBD0016AAE4 /* AppDelegate.swift in Sources */ = {isa = PBXBuildFile; fileRef = CAE11F6E2146CDBD0016AAE4 /* AppDelegate.swift */; };
		CAE11F712146CDBD0016AAE4 /* WalletViewController.swift in Sources */ = {isa = PBXBuildFile; fileRef = CAE11F702146CDBD0016AAE4 /* WalletViewController.swift */; };
		CAE11F762146CDBD0016AAE4 /* Assets.xcassets in Resources */ = {isa = PBXBuildFile; fileRef = CAE11F752146CDBD0016AAE4 /* Assets.xcassets */; };
		CAE11F792146CDBD0016AAE4 /* LaunchScreen.storyboard in Resources */ = {isa = PBXBuildFile; fileRef = CAE11F772146CDBD0016AAE4 /* LaunchScreen.storyboard */; };
		CAE11F842146CDBE0016AAE4 /* Crypto_TrackerTests.swift in Sources */ = {isa = PBXBuildFile; fileRef = CAE11F832146CDBE0016AAE4 /* Crypto_TrackerTests.swift */; };
		CAE11F8F2146CDBE0016AAE4 /* Crypto_TrackerUITests.swift in Sources */ = {isa = PBXBuildFile; fileRef = CAE11F8E2146CDBE0016AAE4 /* Crypto_TrackerUITests.swift */; };
		CAE11F9D2146D1FE0016AAE4 /* WalletViewModel.swift in Sources */ = {isa = PBXBuildFile; fileRef = CAE11F9C2146D1FE0016AAE4 /* WalletViewModel.swift */; };
		CAE11F9F2146D2870016AAE4 /* BindableProperty.swift in Sources */ = {isa = PBXBuildFile; fileRef = CAE11F9E2146D2870016AAE4 /* BindableProperty.swift */; };
		CAE11FA32146DD790016AAE4 /* CryptoTrackerRepository.swift in Sources */ = {isa = PBXBuildFile; fileRef = CAE11FA22146DD790016AAE4 /* CryptoTrackerRepository.swift */; };
		CAE11FA52146E0950016AAE4 /* DataSource.swift in Sources */ = {isa = PBXBuildFile; fileRef = CAE11FA42146E0950016AAE4 /* DataSource.swift */; };
		CAE11FA72146E0B60016AAE4 /* RemoteDataSource.swift in Sources */ = {isa = PBXBuildFile; fileRef = CAE11FA62146E0B60016AAE4 /* RemoteDataSource.swift */; };
		CAFD15612148193600B2201F /* CryptoCurrency.swift in Sources */ = {isa = PBXBuildFile; fileRef = CAFD15602148193600B2201F /* CryptoCurrency.swift */; };
/* End PBXBuildFile section */

/* Begin PBXContainerItemProxy section */
		CAE11F802146CDBE0016AAE4 /* PBXContainerItemProxy */ = {
			isa = PBXContainerItemProxy;
			containerPortal = CAE11F632146CDBD0016AAE4 /* Project object */;
			proxyType = 1;
			remoteGlobalIDString = CAE11F6A2146CDBD0016AAE4;
			remoteInfo = "Crypto Tracker";
		};
		CAE11F8B2146CDBE0016AAE4 /* PBXContainerItemProxy */ = {
			isa = PBXContainerItemProxy;
			containerPortal = CAE11F632146CDBD0016AAE4 /* Project object */;
			proxyType = 1;
			remoteGlobalIDString = CAE11F6A2146CDBD0016AAE4;
			remoteInfo = "Crypto Tracker";
		};
/* End PBXContainerItemProxy section */

/* Begin PBXFileReference section */
		0B8A3FD36C1A16E9BE4D75A0 /* Pods-Crypto Tracker.release.xcconfig */ = {isa = PBXFileReference; includeInIndex = 1; lastKnownFileType = text.xcconfig; name = "Pods-Crypto Tracker.release.xcconfig"; path = "Pods/Target Support Files/Pods-Crypto Tracker/Pods-Crypto Tracker.release.xcconfig"; sourceTree = "<group>"; };
		1740AAF52029F5BAA0BB6CAB /* Pods_Crypto_TrackerTests.framework */ = {isa = PBXFileReference; explicitFileType = wrapper.framework; includeInIndex = 0; path = Pods_Crypto_TrackerTests.framework; sourceTree = BUILT_PRODUCTS_DIR; };
		211578AFABD083FB03489887 /* Pods-Crypto TrackerTests.debug.xcconfig */ = {isa = PBXFileReference; includeInIndex = 1; lastKnownFileType = text.xcconfig; name = "Pods-Crypto TrackerTests.debug.xcconfig"; path = "Pods/Target Support Files/Pods-Crypto TrackerTests/Pods-Crypto TrackerTests.debug.xcconfig"; sourceTree = "<group>"; };
		322C20A9DFF009FC10A79827 /* Pods-Crypto TrackerUITests.debug.xcconfig */ = {isa = PBXFileReference; includeInIndex = 1; lastKnownFileType = text.xcconfig; name = "Pods-Crypto TrackerUITests.debug.xcconfig"; path = "Pods/Target Support Files/Pods-Crypto TrackerUITests/Pods-Crypto TrackerUITests.debug.xcconfig"; sourceTree = "<group>"; };
		3C090967E3EA88E221FFCFFF /* Pods-Crypto Tracker.debug.xcconfig */ = {isa = PBXFileReference; includeInIndex = 1; lastKnownFileType = text.xcconfig; name = "Pods-Crypto Tracker.debug.xcconfig"; path = "Pods/Target Support Files/Pods-Crypto Tracker/Pods-Crypto Tracker.debug.xcconfig"; sourceTree = "<group>"; };
		907B79CC5A4E073E8B103D71 /* Pods-Crypto TrackerUITests.release.xcconfig */ = {isa = PBXFileReference; includeInIndex = 1; lastKnownFileType = text.xcconfig; name = "Pods-Crypto TrackerUITests.release.xcconfig"; path = "Pods/Target Support Files/Pods-Crypto TrackerUITests/Pods-Crypto TrackerUITests.release.xcconfig"; sourceTree = "<group>"; };
		B72DB09ED05B319AE8118321 /* Pods_Crypto_Tracker.framework */ = {isa = PBXFileReference; explicitFileType = wrapper.framework; includeInIndex = 0; path = Pods_Crypto_Tracker.framework; sourceTree = BUILT_PRODUCTS_DIR; };
		CAE11F6B2146CDBD0016AAE4 /* Crypto Tracker.app */ = {isa = PBXFileReference; explicitFileType = wrapper.application; includeInIndex = 0; path = "Crypto Tracker.app"; sourceTree = BUILT_PRODUCTS_DIR; };
		CAE11F6E2146CDBD0016AAE4 /* AppDelegate.swift */ = {isa = PBXFileReference; lastKnownFileType = sourcecode.swift; path = AppDelegate.swift; sourceTree = "<group>"; };
		CAE11F702146CDBD0016AAE4 /* WalletViewController.swift */ = {isa = PBXFileReference; lastKnownFileType = sourcecode.swift; path = WalletViewController.swift; sourceTree = "<group>"; };
		CAE11F752146CDBD0016AAE4 /* Assets.xcassets */ = {isa = PBXFileReference; lastKnownFileType = folder.assetcatalog; path = Assets.xcassets; sourceTree = "<group>"; };
		CAE11F782146CDBD0016AAE4 /* Base */ = {isa = PBXFileReference; lastKnownFileType = file.storyboard; name = Base; path = Base.lproj/LaunchScreen.storyboard; sourceTree = "<group>"; };
		CAE11F7A2146CDBD0016AAE4 /* Info.plist */ = {isa = PBXFileReference; lastKnownFileType = text.plist.xml; path = Info.plist; sourceTree = "<group>"; };
		CAE11F7F2146CDBE0016AAE4 /* Crypto TrackerTests.xctest */ = {isa = PBXFileReference; explicitFileType = wrapper.cfbundle; includeInIndex = 0; path = "Crypto TrackerTests.xctest"; sourceTree = BUILT_PRODUCTS_DIR; };
		CAE11F832146CDBE0016AAE4 /* Crypto_TrackerTests.swift */ = {isa = PBXFileReference; lastKnownFileType = sourcecode.swift; path = Crypto_TrackerTests.swift; sourceTree = "<group>"; };
		CAE11F852146CDBE0016AAE4 /* Info.plist */ = {isa = PBXFileReference; lastKnownFileType = text.plist.xml; path = Info.plist; sourceTree = "<group>"; };
		CAE11F8A2146CDBE0016AAE4 /* Crypto TrackerUITests.xctest */ = {isa = PBXFileReference; explicitFileType = wrapper.cfbundle; includeInIndex = 0; path = "Crypto TrackerUITests.xctest"; sourceTree = BUILT_PRODUCTS_DIR; };
		CAE11F8E2146CDBE0016AAE4 /* Crypto_TrackerUITests.swift */ = {isa = PBXFileReference; lastKnownFileType = sourcecode.swift; path = Crypto_TrackerUITests.swift; sourceTree = "<group>"; };
		CAE11F902146CDBE0016AAE4 /* Info.plist */ = {isa = PBXFileReference; lastKnownFileType = text.plist.xml; path = Info.plist; sourceTree = "<group>"; };
		CAE11F9C2146D1FE0016AAE4 /* WalletViewModel.swift */ = {isa = PBXFileReference; lastKnownFileType = sourcecode.swift; path = WalletViewModel.swift; sourceTree = "<group>"; };
		CAE11F9E2146D2870016AAE4 /* BindableProperty.swift */ = {isa = PBXFileReference; lastKnownFileType = sourcecode.swift; path = BindableProperty.swift; sourceTree = "<group>"; };
		CAE11FA22146DD790016AAE4 /* CryptoTrackerRepository.swift */ = {isa = PBXFileReference; lastKnownFileType = sourcecode.swift; path = CryptoTrackerRepository.swift; sourceTree = "<group>"; };
		CAE11FA42146E0950016AAE4 /* DataSource.swift */ = {isa = PBXFileReference; lastKnownFileType = sourcecode.swift; path = DataSource.swift; sourceTree = "<group>"; };
		CAE11FA62146E0B60016AAE4 /* RemoteDataSource.swift */ = {isa = PBXFileReference; lastKnownFileType = sourcecode.swift; path = RemoteDataSource.swift; sourceTree = "<group>"; };
		CAFD15602148193600B2201F /* CryptoCurrency.swift */ = {isa = PBXFileReference; fileEncoding = 4; lastKnownFileType = sourcecode.swift; path = CryptoCurrency.swift; sourceTree = "<group>"; };
		CAFD156221481B4B00B2201F /* README.md */ = {isa = PBXFileReference; lastKnownFileType = net.daringfireball.markdown; path = README.md; sourceTree = "<group>"; };
		DBFEDE542E9B08BD177369DF /* Pods_Crypto_TrackerUITests.framework */ = {isa = PBXFileReference; explicitFileType = wrapper.framework; includeInIndex = 0; path = Pods_Crypto_TrackerUITests.framework; sourceTree = BUILT_PRODUCTS_DIR; };
		EB8674B18F757EC793AE07C1 /* Pods-Crypto TrackerTests.release.xcconfig */ = {isa = PBXFileReference; includeInIndex = 1; lastKnownFileType = text.xcconfig; name = "Pods-Crypto TrackerTests.release.xcconfig"; path = "Pods/Target Support Files/Pods-Crypto TrackerTests/Pods-Crypto TrackerTests.release.xcconfig"; sourceTree = "<group>"; };
/* End PBXFileReference section */

/* Begin PBXFrameworksBuildPhase section */
		CAE11F682146CDBD0016AAE4 /* Frameworks */ = {
			isa = PBXFrameworksBuildPhase;
			buildActionMask = 2147483647;
			files = (
				951E3FCCF134BFCF231B3F80 /* Pods_Crypto_Tracker.framework in Frameworks */,
			);
			runOnlyForDeploymentPostprocessing = 0;
		};
		CAE11F7C2146CDBE0016AAE4 /* Frameworks */ = {
			isa = PBXFrameworksBuildPhase;
			buildActionMask = 2147483647;
			files = (
				08061408EA9C3B2723BDE532 /* Pods_Crypto_TrackerTests.framework in Frameworks */,
			);
			runOnlyForDeploymentPostprocessing = 0;
		};
		CAE11F872146CDBE0016AAE4 /* Frameworks */ = {
			isa = PBXFrameworksBuildPhase;
			buildActionMask = 2147483647;
			files = (
				3B3D1CBB0F1A1EDEC03DD9DB /* Pods_Crypto_TrackerUITests.framework in Frameworks */,
			);
			runOnlyForDeploymentPostprocessing = 0;
		};
/* End PBXFrameworksBuildPhase section */

/* Begin PBXGroup section */
		89F016D5A430037132AC5119 /* Frameworks */ = {
			isa = PBXGroup;
			children = (
				B72DB09ED05B319AE8118321 /* Pods_Crypto_Tracker.framework */,
				1740AAF52029F5BAA0BB6CAB /* Pods_Crypto_TrackerTests.framework */,
				DBFEDE542E9B08BD177369DF /* Pods_Crypto_TrackerUITests.framework */,
			);
			name = Frameworks;
			sourceTree = "<group>";
		};
		A898F938A4A9C8C5DBA20C13 /* Pods */ = {
			isa = PBXGroup;
			children = (
				3C090967E3EA88E221FFCFFF /* Pods-Crypto Tracker.debug.xcconfig */,
				0B8A3FD36C1A16E9BE4D75A0 /* Pods-Crypto Tracker.release.xcconfig */,
				211578AFABD083FB03489887 /* Pods-Crypto TrackerTests.debug.xcconfig */,
				EB8674B18F757EC793AE07C1 /* Pods-Crypto TrackerTests.release.xcconfig */,
				322C20A9DFF009FC10A79827 /* Pods-Crypto TrackerUITests.debug.xcconfig */,
				907B79CC5A4E073E8B103D71 /* Pods-Crypto TrackerUITests.release.xcconfig */,
			);
			name = Pods;
			sourceTree = "<group>";
		};
		CAE11F622146CDBD0016AAE4 = {
			isa = PBXGroup;
			children = (
				CAE11F6D2146CDBD0016AAE4 /* Crypto Tracker */,
				CAE11F822146CDBE0016AAE4 /* Crypto TrackerTests */,
				CAE11F8D2146CDBE0016AAE4 /* Crypto TrackerUITests */,
				CAE11F6C2146CDBD0016AAE4 /* Products */,
				A898F938A4A9C8C5DBA20C13 /* Pods */,
				89F016D5A430037132AC5119 /* Frameworks */,
			);
			sourceTree = "<group>";
		};
		CAE11F6C2146CDBD0016AAE4 /* Products */ = {
			isa = PBXGroup;
			children = (
				CAE11F6B2146CDBD0016AAE4 /* Crypto Tracker.app */,
				CAE11F7F2146CDBE0016AAE4 /* Crypto TrackerTests.xctest */,
				CAE11F8A2146CDBE0016AAE4 /* Crypto TrackerUITests.xctest */,
			);
			name = Products;
			sourceTree = "<group>";
		};
		CAE11F6D2146CDBD0016AAE4 /* Crypto Tracker */ = {
			isa = PBXGroup;
			children = (
				CAE11F6E2146CDBD0016AAE4 /* AppDelegate.swift */,
				CAE11F9E2146D2870016AAE4 /* BindableProperty.swift */,
				CAE11F702146CDBD0016AAE4 /* WalletViewController.swift */,
				CAE11F9C2146D1FE0016AAE4 /* WalletViewModel.swift */,
				CAFD15602148193600B2201F /* CryptoCurrency.swift */,
				CAE11FA22146DD790016AAE4 /* CryptoTrackerRepository.swift */,
				CAE11FA42146E0950016AAE4 /* DataSource.swift */,
				CAE11FA62146E0B60016AAE4 /* RemoteDataSource.swift */,
				CAE11F752146CDBD0016AAE4 /* Assets.xcassets */,
				CAE11F772146CDBD0016AAE4 /* LaunchScreen.storyboard */,
				CAE11F7A2146CDBD0016AAE4 /* Info.plist */,
				CAFD156221481B4B00B2201F /* README.md */,
			);
			path = "Crypto Tracker";
			sourceTree = "<group>";
		};
		CAE11F822146CDBE0016AAE4 /* Crypto TrackerTests */ = {
			isa = PBXGroup;
			children = (
				CAE11F832146CDBE0016AAE4 /* Crypto_TrackerTests.swift */,
				CAE11F852146CDBE0016AAE4 /* Info.plist */,
			);
			path = "Crypto TrackerTests";
			sourceTree = "<group>";
		};
		CAE11F8D2146CDBE0016AAE4 /* Crypto TrackerUITests */ = {
			isa = PBXGroup;
			children = (
				CAE11F8E2146CDBE0016AAE4 /* Crypto_TrackerUITests.swift */,
				CAE11F902146CDBE0016AAE4 /* Info.plist */,
			);
			path = "Crypto TrackerUITests";
			sourceTree = "<group>";
		};
/* End PBXGroup section */

/* Begin PBXNativeTarget section */
		CAE11F6A2146CDBD0016AAE4 /* Crypto Tracker */ = {
			isa = PBXNativeTarget;
			buildConfigurationList = CAE11F932146CDBE0016AAE4 /* Build configuration list for PBXNativeTarget "Crypto Tracker" */;
			buildPhases = (
				273CC39A2CCA895B472705DF /* [CP] Check Pods Manifest.lock */,
				CAE11F672146CDBD0016AAE4 /* Sources */,
				CAE11F682146CDBD0016AAE4 /* Frameworks */,
				CAE11F692146CDBD0016AAE4 /* Resources */,
				C35CEB1FE1926FCFF5CBB83E /* [CP] Embed Pods Frameworks */,
			);
			buildRules = (
			);
			dependencies = (
			);
			name = "Crypto Tracker";
			productName = "Crypto Tracker";
			productReference = CAE11F6B2146CDBD0016AAE4 /* Crypto Tracker.app */;
			productType = "com.apple.product-type.application";
		};
		CAE11F7E2146CDBE0016AAE4 /* Crypto TrackerTests */ = {
			isa = PBXNativeTarget;
			buildConfigurationList = CAE11F962146CDBE0016AAE4 /* Build configuration list for PBXNativeTarget "Crypto TrackerTests" */;
			buildPhases = (
				B500D1508D6E20A4E0D5E700 /* [CP] Check Pods Manifest.lock */,
				CAE11F7B2146CDBE0016AAE4 /* Sources */,
				CAE11F7C2146CDBE0016AAE4 /* Frameworks */,
				CAE11F7D2146CDBE0016AAE4 /* Resources */,
			);
			buildRules = (
			);
			dependencies = (
				CAE11F812146CDBE0016AAE4 /* PBXTargetDependency */,
			);
			name = "Crypto TrackerTests";
			productName = "Crypto TrackerTests";
			productReference = CAE11F7F2146CDBE0016AAE4 /* Crypto TrackerTests.xctest */;
			productType = "com.apple.product-type.bundle.unit-test";
		};
		CAE11F892146CDBE0016AAE4 /* Crypto TrackerUITests */ = {
			isa = PBXNativeTarget;
			buildConfigurationList = CAE11F992146CDBE0016AAE4 /* Build configuration list for PBXNativeTarget "Crypto TrackerUITests" */;
			buildPhases = (
				06FF4678C14A71340E124EA7 /* [CP] Check Pods Manifest.lock */,
				CAE11F862146CDBE0016AAE4 /* Sources */,
				CAE11F872146CDBE0016AAE4 /* Frameworks */,
				CAE11F882146CDBE0016AAE4 /* Resources */,
			);
			buildRules = (
			);
			dependencies = (
				CAE11F8C2146CDBE0016AAE4 /* PBXTargetDependency */,
			);
			name = "Crypto TrackerUITests";
			productName = "Crypto TrackerUITests";
			productReference = CAE11F8A2146CDBE0016AAE4 /* Crypto TrackerUITests.xctest */;
			productType = "com.apple.product-type.bundle.ui-testing";
		};
/* End PBXNativeTarget section */

/* Begin PBXProject section */
		CAE11F632146CDBD0016AAE4 /* Project object */ = {
			isa = PBXProject;
			attributes = {
				LastSwiftUpdateCheck = 0940;
				LastUpgradeCheck = 0940;
				ORGANIZATIONNAME = "Jero Sanchez";
				TargetAttributes = {
					CAE11F6A2146CDBD0016AAE4 = {
						CreatedOnToolsVersion = 9.4.1;
					};
					CAE11F7E2146CDBE0016AAE4 = {
						CreatedOnToolsVersion = 9.4.1;
						TestTargetID = CAE11F6A2146CDBD0016AAE4;
					};
					CAE11F892146CDBE0016AAE4 = {
						CreatedOnToolsVersion = 9.4.1;
						TestTargetID = CAE11F6A2146CDBD0016AAE4;
					};
				};
			};
			buildConfigurationList = CAE11F662146CDBD0016AAE4 /* Build configuration list for PBXProject "Crypto Tracker" */;
			compatibilityVersion = "Xcode 9.3";
			developmentRegion = en;
			hasScannedForEncodings = 0;
			knownRegions = (
				en,
				Base,
			);
			mainGroup = CAE11F622146CDBD0016AAE4;
			productRefGroup = CAE11F6C2146CDBD0016AAE4 /* Products */;
			projectDirPath = "";
			projectRoot = "";
			targets = (
				CAE11F6A2146CDBD0016AAE4 /* Crypto Tracker */,
				CAE11F7E2146CDBE0016AAE4 /* Crypto TrackerTests */,
				CAE11F892146CDBE0016AAE4 /* Crypto TrackerUITests */,
			);
		};
/* End PBXProject section */

/* Begin PBXResourcesBuildPhase section */
		CAE11F692146CDBD0016AAE4 /* Resources */ = {
			isa = PBXResourcesBuildPhase;
			buildActionMask = 2147483647;
			files = (
				CAE11F792146CDBD0016AAE4 /* LaunchScreen.storyboard in Resources */,
				CAE11F762146CDBD0016AAE4 /* Assets.xcassets in Resources */,
			);
			runOnlyForDeploymentPostprocessing = 0;
		};
		CAE11F7D2146CDBE0016AAE4 /* Resources */ = {
			isa = PBXResourcesBuildPhase;
			buildActionMask = 2147483647;
			files = (
			);
			runOnlyForDeploymentPostprocessing = 0;
		};
		CAE11F882146CDBE0016AAE4 /* Resources */ = {
			isa = PBXResourcesBuildPhase;
			buildActionMask = 2147483647;
			files = (
			);
			runOnlyForDeploymentPostprocessing = 0;
		};
/* End PBXResourcesBuildPhase section */

/* Begin PBXShellScriptBuildPhase section */
		06FF4678C14A71340E124EA7 /* [CP] Check Pods Manifest.lock */ = {
			isa = PBXShellScriptBuildPhase;
			buildActionMask = 2147483647;
			files = (
			);
			inputPaths = (
				"${PODS_PODFILE_DIR_PATH}/Podfile.lock",
				"${PODS_ROOT}/Manifest.lock",
			);
			name = "[CP] Check Pods Manifest.lock";
			outputPaths = (
				"$(DERIVED_FILE_DIR)/Pods-Crypto TrackerUITests-checkManifestLockResult.txt",
			);
			runOnlyForDeploymentPostprocessing = 0;
			shellPath = /bin/sh;
			shellScript = "diff \"${PODS_PODFILE_DIR_PATH}/Podfile.lock\" \"${PODS_ROOT}/Manifest.lock\" > /dev/null\nif [ $? != 0 ] ; then\n    # print error to STDERR\n    echo \"error: The sandbox is not in sync with the Podfile.lock. Run 'pod install' or update your CocoaPods installation.\" >&2\n    exit 1\nfi\n# This output is used by Xcode 'outputs' to avoid re-running this script phase.\necho \"SUCCESS\" > \"${SCRIPT_OUTPUT_FILE_0}\"\n";
			showEnvVarsInLog = 0;
		};
		273CC39A2CCA895B472705DF /* [CP] Check Pods Manifest.lock */ = {
			isa = PBXShellScriptBuildPhase;
			buildActionMask = 2147483647;
			files = (
			);
			inputPaths = (
				"${PODS_PODFILE_DIR_PATH}/Podfile.lock",
				"${PODS_ROOT}/Manifest.lock",
			);
			name = "[CP] Check Pods Manifest.lock";
			outputPaths = (
				"$(DERIVED_FILE_DIR)/Pods-Crypto Tracker-checkManifestLockResult.txt",
			);
			runOnlyForDeploymentPostprocessing = 0;
			shellPath = /bin/sh;
			shellScript = "diff \"${PODS_PODFILE_DIR_PATH}/Podfile.lock\" \"${PODS_ROOT}/Manifest.lock\" > /dev/null\nif [ $? != 0 ] ; then\n    # print error to STDERR\n    echo \"error: The sandbox is not in sync with the Podfile.lock. Run 'pod install' or update your CocoaPods installation.\" >&2\n    exit 1\nfi\n# This output is used by Xcode 'outputs' to avoid re-running this script phase.\necho \"SUCCESS\" > \"${SCRIPT_OUTPUT_FILE_0}\"\n";
			showEnvVarsInLog = 0;
		};
		B500D1508D6E20A4E0D5E700 /* [CP] Check Pods Manifest.lock */ = {
			isa = PBXShellScriptBuildPhase;
			buildActionMask = 2147483647;
			files = (
			);
			inputPaths = (
				"${PODS_PODFILE_DIR_PATH}/Podfile.lock",
				"${PODS_ROOT}/Manifest.lock",
			);
			name = "[CP] Check Pods Manifest.lock";
			outputPaths = (
				"$(DERIVED_FILE_DIR)/Pods-Crypto TrackerTests-checkManifestLockResult.txt",
			);
			runOnlyForDeploymentPostprocessing = 0;
			shellPath = /bin/sh;
			shellScript = "diff \"${PODS_PODFILE_DIR_PATH}/Podfile.lock\" \"${PODS_ROOT}/Manifest.lock\" > /dev/null\nif [ $? != 0 ] ; then\n    # print error to STDERR\n    echo \"error: The sandbox is not in sync with the Podfile.lock. Run 'pod install' or update your CocoaPods installation.\" >&2\n    exit 1\nfi\n# This output is used by Xcode 'outputs' to avoid re-running this script phase.\necho \"SUCCESS\" > \"${SCRIPT_OUTPUT_FILE_0}\"\n";
			showEnvVarsInLog = 0;
		};
		C35CEB1FE1926FCFF5CBB83E /* [CP] Embed Pods Frameworks */ = {
			isa = PBXShellScriptBuildPhase;
			buildActionMask = 2147483647;
			files = (
			);
			inputPaths = (
				"${SRCROOT}/Pods/Target Support Files/Pods-Crypto Tracker/Pods-Crypto Tracker-frameworks.sh",
				"${BUILT_PRODUCTS_DIR}/Alamofire/Alamofire.framework",
				"${BUILT_PRODUCTS_DIR}/SwiftChart/SwiftChart.framework",
			);
			name = "[CP] Embed Pods Frameworks";
			outputPaths = (
				"${TARGET_BUILD_DIR}/${FRAMEWORKS_FOLDER_PATH}/Alamofire.framework",
				"${TARGET_BUILD_DIR}/${FRAMEWORKS_FOLDER_PATH}/SwiftChart.framework",
			);
			runOnlyForDeploymentPostprocessing = 0;
			shellPath = /bin/sh;
			shellScript = "\"${SRCROOT}/Pods/Target Support Files/Pods-Crypto Tracker/Pods-Crypto Tracker-frameworks.sh\"\n";
			showEnvVarsInLog = 0;
		};
/* End PBXShellScriptBuildPhase section */

/* Begin PBXSourcesBuildPhase section */
		CAE11F672146CDBD0016AAE4 /* Sources */ = {
			isa = PBXSourcesBuildPhase;
			buildActionMask = 2147483647;
			files = (
				CAE11F712146CDBD0016AAE4 /* WalletViewController.swift in Sources */,
				CAE11F9D2146D1FE0016AAE4 /* WalletViewModel.swift in Sources */,
				CAE11FA32146DD790016AAE4 /* CryptoTrackerRepository.swift in Sources */,
				CAE11FA52146E0950016AAE4 /* DataSource.swift in Sources */,
				CAE11F6F2146CDBD0016AAE4 /* AppDelegate.swift in Sources */,
				CAFD15612148193600B2201F /* CryptoCurrency.swift in Sources */,
				CAE11F9F2146D2870016AAE4 /* BindableProperty.swift in Sources */,
				CAE11FA72146E0B60016AAE4 /* RemoteDataSource.swift in Sources */,
			);
			runOnlyForDeploymentPostprocessing = 0;
		};
		CAE11F7B2146CDBE0016AAE4 /* Sources */ = {
			isa = PBXSourcesBuildPhase;
			buildActionMask = 2147483647;
			files = (
				CAE11F842146CDBE0016AAE4 /* Crypto_TrackerTests.swift in Sources */,
			);
			runOnlyForDeploymentPostprocessing = 0;
		};
		CAE11F862146CDBE0016AAE4 /* Sources */ = {
			isa = PBXSourcesBuildPhase;
			buildActionMask = 2147483647;
			files = (
				CAE11F8F2146CDBE0016AAE4 /* Crypto_TrackerUITests.swift in Sources */,
			);
			runOnlyForDeploymentPostprocessing = 0;
		};
/* End PBXSourcesBuildPhase section */

/* Begin PBXTargetDependency section */
		CAE11F812146CDBE0016AAE4 /* PBXTargetDependency */ = {
			isa = PBXTargetDependency;
			target = CAE11F6A2146CDBD0016AAE4 /* Crypto Tracker */;
			targetProxy = CAE11F802146CDBE0016AAE4 /* PBXContainerItemProxy */;
		};
		CAE11F8C2146CDBE0016AAE4 /* PBXTargetDependency */ = {
			isa = PBXTargetDependency;
			target = CAE11F6A2146CDBD0016AAE4 /* Crypto Tracker */;
			targetProxy = CAE11F8B2146CDBE0016AAE4 /* PBXContainerItemProxy */;
		};
/* End PBXTargetDependency section */

/* Begin PBXVariantGroup section */
		CAE11F772146CDBD0016AAE4 /* LaunchScreen.storyboard */ = {
			isa = PBXVariantGroup;
			children = (
				CAE11F782146CDBD0016AAE4 /* Base */,
			);
			name = LaunchScreen.storyboard;
			sourceTree = "<group>";
		};
/* End PBXVariantGroup section */

/* Begin XCBuildConfiguration section */
		CAE11F912146CDBE0016AAE4 /* Debug */ = {
			isa = XCBuildConfiguration;
			buildSettings = {
				ALWAYS_SEARCH_USER_PATHS = NO;
				CLANG_ANALYZER_NONNULL = YES;
				CLANG_ANALYZER_NUMBER_OBJECT_CONVERSION = YES_AGGRESSIVE;
				CLANG_CXX_LANGUAGE_STANDARD = "gnu++14";
				CLANG_CXX_LIBRARY = "libc++";
				CLANG_ENABLE_MODULES = YES;
				CLANG_ENABLE_OBJC_ARC = YES;
				CLANG_ENABLE_OBJC_WEAK = YES;
				CLANG_WARN_BLOCK_CAPTURE_AUTORELEASING = YES;
				CLANG_WARN_BOOL_CONVERSION = YES;
				CLANG_WARN_COMMA = YES;
				CLANG_WARN_CONSTANT_CONVERSION = YES;
				CLANG_WARN_DEPRECATED_OBJC_IMPLEMENTATIONS = YES;
				CLANG_WARN_DIRECT_OBJC_ISA_USAGE = YES_ERROR;
				CLANG_WARN_DOCUMENTATION_COMMENTS = YES;
				CLANG_WARN_EMPTY_BODY = YES;
				CLANG_WARN_ENUM_CONVERSION = YES;
				CLANG_WARN_INFINITE_RECURSION = YES;
				CLANG_WARN_INT_CONVERSION = YES;
				CLANG_WARN_NON_LITERAL_NULL_CONVERSION = YES;
				CLANG_WARN_OBJC_IMPLICIT_RETAIN_SELF = YES;
				CLANG_WARN_OBJC_LITERAL_CONVERSION = YES;
				CLANG_WARN_OBJC_ROOT_CLASS = YES_ERROR;
				CLANG_WARN_RANGE_LOOP_ANALYSIS = YES;
				CLANG_WARN_STRICT_PROTOTYPES = YES;
				CLANG_WARN_SUSPICIOUS_MOVE = YES;
				CLANG_WARN_UNGUARDED_AVAILABILITY = YES_AGGRESSIVE;
				CLANG_WARN_UNREACHABLE_CODE = YES;
				CLANG_WARN__DUPLICATE_METHOD_MATCH = YES;
				CODE_SIGN_IDENTITY = "iPhone Developer";
				COPY_PHASE_STRIP = NO;
				DEBUG_INFORMATION_FORMAT = dwarf;
				ENABLE_STRICT_OBJC_MSGSEND = YES;
				ENABLE_TESTABILITY = YES;
				GCC_C_LANGUAGE_STANDARD = gnu11;
				GCC_DYNAMIC_NO_PIC = NO;
				GCC_NO_COMMON_BLOCKS = YES;
				GCC_OPTIMIZATION_LEVEL = 0;
				GCC_PREPROCESSOR_DEFINITIONS = (
					"DEBUG=1",
					"$(inherited)",
				);
				GCC_WARN_64_TO_32_BIT_CONVERSION = YES;
				GCC_WARN_ABOUT_RETURN_TYPE = YES_ERROR;
				GCC_WARN_UNDECLARED_SELECTOR = YES;
				GCC_WARN_UNINITIALIZED_AUTOS = YES_AGGRESSIVE;
				GCC_WARN_UNUSED_FUNCTION = YES;
				GCC_WARN_UNUSED_VARIABLE = YES;
				IPHONEOS_DEPLOYMENT_TARGET = 11.4;
				MTL_ENABLE_DEBUG_INFO = YES;
				ONLY_ACTIVE_ARCH = YES;
				SDKROOT = iphoneos;
				SWIFT_ACTIVE_COMPILATION_CONDITIONS = DEBUG;
				SWIFT_OPTIMIZATION_LEVEL = "-Onone";
			};
			name = Debug;
		};
		CAE11F922146CDBE0016AAE4 /* Release */ = {
			isa = XCBuildConfiguration;
			buildSettings = {
				ALWAYS_SEARCH_USER_PATHS = NO;
				CLANG_ANALYZER_NONNULL = YES;
				CLANG_ANALYZER_NUMBER_OBJECT_CONVERSION = YES_AGGRESSIVE;
				CLANG_CXX_LANGUAGE_STANDARD = "gnu++14";
				CLANG_CXX_LIBRARY = "libc++";
				CLANG_ENABLE_MODULES = YES;
				CLANG_ENABLE_OBJC_ARC = YES;
				CLANG_ENABLE_OBJC_WEAK = YES;
				CLANG_WARN_BLOCK_CAPTURE_AUTORELEASING = YES;
				CLANG_WARN_BOOL_CONVERSION = YES;
				CLANG_WARN_COMMA = YES;
				CLANG_WARN_CONSTANT_CONVERSION = YES;
				CLANG_WARN_DEPRECATED_OBJC_IMPLEMENTATIONS = YES;
				CLANG_WARN_DIRECT_OBJC_ISA_USAGE = YES_ERROR;
				CLANG_WARN_DOCUMENTATION_COMMENTS = YES;
				CLANG_WARN_EMPTY_BODY = YES;
				CLANG_WARN_ENUM_CONVERSION = YES;
				CLANG_WARN_INFINITE_RECURSION = YES;
				CLANG_WARN_INT_CONVERSION = YES;
				CLANG_WARN_NON_LITERAL_NULL_CONVERSION = YES;
				CLANG_WARN_OBJC_IMPLICIT_RETAIN_SELF = YES;
				CLANG_WARN_OBJC_LITERAL_CONVERSION = YES;
				CLANG_WARN_OBJC_ROOT_CLASS = YES_ERROR;
				CLANG_WARN_RANGE_LOOP_ANALYSIS = YES;
				CLANG_WARN_STRICT_PROTOTYPES = YES;
				CLANG_WARN_SUSPICIOUS_MOVE = YES;
				CLANG_WARN_UNGUARDED_AVAILABILITY = YES_AGGRESSIVE;
				CLANG_WARN_UNREACHABLE_CODE = YES;
				CLANG_WARN__DUPLICATE_METHOD_MATCH = YES;
				CODE_SIGN_IDENTITY = "iPhone Developer";
				COPY_PHASE_STRIP = NO;
				DEBUG_INFORMATION_FORMAT = "dwarf-with-dsym";
				ENABLE_NS_ASSERTIONS = NO;
				ENABLE_STRICT_OBJC_MSGSEND = YES;
				GCC_C_LANGUAGE_STANDARD = gnu11;
				GCC_NO_COMMON_BLOCKS = YES;
				GCC_WARN_64_TO_32_BIT_CONVERSION = YES;
				GCC_WARN_ABOUT_RETURN_TYPE = YES_ERROR;
				GCC_WARN_UNDECLARED_SELECTOR = YES;
				GCC_WARN_UNINITIALIZED_AUTOS = YES_AGGRESSIVE;
				GCC_WARN_UNUSED_FUNCTION = YES;
				GCC_WARN_UNUSED_VARIABLE = YES;
				IPHONEOS_DEPLOYMENT_TARGET = 11.4;
				MTL_ENABLE_DEBUG_INFO = NO;
				SDKROOT = iphoneos;
				SWIFT_COMPILATION_MODE = wholemodule;
				SWIFT_OPTIMIZATION_LEVEL = "-O";
				VALIDATE_PRODUCT = YES;
			};
			name = Release;
		};
		CAE11F942146CDBE0016AAE4 /* Debug */ = {
			isa = XCBuildConfiguration;
			baseConfigurationReference = 3C090967E3EA88E221FFCFFF /* Pods-Crypto Tracker.debug.xcconfig */;
			buildSettings = {
				ASSETCATALOG_COMPILER_APPICON_NAME = AppIcon;
				CODE_SIGN_STYLE = Automatic;
				INFOPLIST_FILE = "Crypto Tracker/Info.plist";
				LD_RUNPATH_SEARCH_PATHS = (
					"$(inherited)",
					"@executable_path/Frameworks",
				);
				PRODUCT_BUNDLE_IDENTIFIER = "com.jerosanchez.Crypto-Tracker";
				PRODUCT_NAME = "$(TARGET_NAME)";
				SWIFT_VERSION = 4.0;
				TARGETED_DEVICE_FAMILY = 1;
			};
			name = Debug;
		};
		CAE11F952146CDBE0016AAE4 /* Release */ = {
			isa = XCBuildConfiguration;
			baseConfigurationReference = 0B8A3FD36C1A16E9BE4D75A0 /* Pods-Crypto Tracker.release.xcconfig */;
			buildSettings = {
				ASSETCATALOG_COMPILER_APPICON_NAME = AppIcon;
				CODE_SIGN_STYLE = Automatic;
				INFOPLIST_FILE = "Crypto Tracker/Info.plist";
				LD_RUNPATH_SEARCH_PATHS = (
					"$(inherited)",
					"@executable_path/Frameworks",
				);
				PRODUCT_BUNDLE_IDENTIFIER = "com.jerosanchez.Crypto-Tracker";
				PRODUCT_NAME = "$(TARGET_NAME)";
				SWIFT_VERSION = 4.0;
				TARGETED_DEVICE_FAMILY = 1;
			};
			name = Release;
		};
		CAE11F972146CDBE0016AAE4 /* Debug */ = {
			isa = XCBuildConfiguration;
			baseConfigurationReference = 211578AFABD083FB03489887 /* Pods-Crypto TrackerTests.debug.xcconfig */;
			buildSettings = {
				ALWAYS_EMBED_SWIFT_STANDARD_LIBRARIES = YES;
				BUNDLE_LOADER = "$(TEST_HOST)";
				CODE_SIGN_STYLE = Automatic;
				INFOPLIST_FILE = "Crypto TrackerTests/Info.plist";
				LD_RUNPATH_SEARCH_PATHS = (
					"$(inherited)",
					"@executable_path/Frameworks",
					"@loader_path/Frameworks",
				);
				PRODUCT_BUNDLE_IDENTIFIER = "com.jerosanchez.Crypto-TrackerTests";
				PRODUCT_NAME = "$(TARGET_NAME)";
				SWIFT_VERSION = 4.0;
				TARGETED_DEVICE_FAMILY = "1,2";
				TEST_HOST = "$(BUILT_PRODUCTS_DIR)/Crypto Tracker.app/Crypto Tracker";
			};
			name = Debug;
		};
		CAE11F982146CDBE0016AAE4 /* Release */ = {
			isa = XCBuildConfiguration;
			baseConfigurationReference = EB8674B18F757EC793AE07C1 /* Pods-Crypto TrackerTests.release.xcconfig */;
			buildSettings = {
				ALWAYS_EMBED_SWIFT_STANDARD_LIBRARIES = YES;
				BUNDLE_LOADER = "$(TEST_HOST)";
				CODE_SIGN_STYLE = Automatic;
				INFOPLIST_FILE = "Crypto TrackerTests/Info.plist";
				LD_RUNPATH_SEARCH_PATHS = (
					"$(inherited)",
					"@executable_path/Frameworks",
					"@loader_path/Frameworks",
				);
				PRODUCT_BUNDLE_IDENTIFIER = "com.jerosanchez.Crypto-TrackerTests";
				PRODUCT_NAME = "$(TARGET_NAME)";
				SWIFT_VERSION = 4.0;
				TARGETED_DEVICE_FAMILY = "1,2";
				TEST_HOST = "$(BUILT_PRODUCTS_DIR)/Crypto Tracker.app/Crypto Tracker";
			};
			name = Release;
		};
		CAE11F9A2146CDBE0016AAE4 /* Debug */ = {
			isa = XCBuildConfiguration;
			baseConfigurationReference = 322C20A9DFF009FC10A79827 /* Pods-Crypto TrackerUITests.debug.xcconfig */;
			buildSettings = {
				ALWAYS_EMBED_SWIFT_STANDARD_LIBRARIES = YES;
				CODE_SIGN_STYLE = Automatic;
				INFOPLIST_FILE = "Crypto TrackerUITests/Info.plist";
				LD_RUNPATH_SEARCH_PATHS = (
					"$(inherited)",
					"@executable_path/Frameworks",
					"@loader_path/Frameworks",
				);
				PRODUCT_BUNDLE_IDENTIFIER = "com.jerosanchez.Crypto-TrackerUITests";
				PRODUCT_NAME = "$(TARGET_NAME)";
				SWIFT_VERSION = 4.0;
				TARGETED_DEVICE_FAMILY = "1,2";
				TEST_TARGET_NAME = "Crypto Tracker";
			};
			name = Debug;
		};
		CAE11F9B2146CDBE0016AAE4 /* Release */ = {
			isa = XCBuildConfiguration;
			baseConfigurationReference = 907B79CC5A4E073E8B103D71 /* Pods-Crypto TrackerUITests.release.xcconfig */;
			buildSettings = {
				ALWAYS_EMBED_SWIFT_STANDARD_LIBRARIES = YES;
				CODE_SIGN_STYLE = Automatic;
				INFOPLIST_FILE = "Crypto TrackerUITests/Info.plist";
				LD_RUNPATH_SEARCH_PATHS = (
					"$(inherited)",
					"@executable_path/Frameworks",
					"@loader_path/Frameworks",
				);
				PRODUCT_BUNDLE_IDENTIFIER = "com.jerosanchez.Crypto-TrackerUITests";
				PRODUCT_NAME = "$(TARGET_NAME)";
				SWIFT_VERSION = 4.0;
				TARGETED_DEVICE_FAMILY = "1,2";
				TEST_TARGET_NAME = "Crypto Tracker";
			};
			name = Release;
		};
/* End XCBuildConfiguration section */

/* Begin XCConfigurationList section */
		CAE11F662146CDBD0016AAE4 /* Build configuration list for PBXProject "Crypto Tracker" */ = {
			isa = XCConfigurationList;
			buildConfigurations = (
				CAE11F912146CDBE0016AAE4 /* Debug */,
				CAE11F922146CDBE0016AAE4 /* Release */,
			);
			defaultConfigurationIsVisible = 0;
			defaultConfigurationName = Release;
		};
		CAE11F932146CDBE0016AAE4 /* Build configuration list for PBXNativeTarget "Crypto Tracker" */ = {
			isa = XCConfigurationList;
			buildConfigurations = (
				CAE11F942146CDBE0016AAE4 /* Debug */,
				CAE11F952146CDBE0016AAE4 /* Release */,
			);
			defaultConfigurationIsVisible = 0;
			defaultConfigurationName = Release;
		};
		CAE11F962146CDBE0016AAE4 /* Build configuration list for PBXNativeTarget "Crypto TrackerTests" */ = {
			isa = XCConfigurationList;
			buildConfigurations = (
				CAE11F972146CDBE0016AAE4 /* Debug */,
				CAE11F982146CDBE0016AAE4 /* Release */,
			);
			defaultConfigurationIsVisible = 0;
			defaultConfigurationName = Release;
		};
		CAE11F992146CDBE0016AAE4 /* Build configuration list for PBXNativeTarget "Crypto TrackerUITests" */ = {
			isa = XCConfigurationList;
			buildConfigurations = (
				CAE11F9A2146CDBE0016AAE4 /* Debug */,
				CAE11F9B2146CDBE0016AAE4 /* Release */,
			);
			defaultConfigurationIsVisible = 0;
			defaultConfigurationName = Release;
		};
/* End XCConfigurationList section */
	};
	rootObject = CAE11F632146CDBD0016AAE4 /* Project object */;
}
